{
  "version": 4,
  "terraform_version": "0.12.24",
  "serial": 7,
  "lineage": "1a4ebd84-da8a-5459-3609-2351fc76beec",
  "outputs": {
    "prod_pub_ip": {
      "value": "13.82.143.46",
      "type": "string"
    }
  },
  "resources": [
    {
      "mode": "managed",
      "type": "azurerm_network_interface",
      "name": "main",
      "provider": "provider.azurerm",
      "instances": [
        {
          "schema_version": 0,
          "attributes": {
            "applied_dns_servers": [],
            "dns_servers": [],
            "enable_accelerated_networking": false,
            "enable_ip_forwarding": false,
            "id": "/subscriptions/7f34fecc-80ca-417b-9aae-80ddc33a2d4b/resourceGroups/staging-resources/providers/Microsoft.Network/networkInterfaces/staging-nic",
            "internal_dns_name_label": "",
            "ip_configuration": [
              {
                "name": "testconfiguration1",
                "primary": true,
                "private_ip_address": "10.0.2.4",
                "private_ip_address_allocation": "Dynamic",
                "private_ip_address_version": "IPv4",
                "public_ip_address_id": "/subscriptions/7f34fecc-80ca-417b-9aae-80ddc33a2d4b/resourceGroups/staging-resources/providers/Microsoft.Network/publicIPAddresses/staging-publicIP",
                "subnet_id": "/subscriptions/7f34fecc-80ca-417b-9aae-80ddc33a2d4b/resourceGroups/staging-resources/providers/Microsoft.Network/virtualNetworks/staging-network/subnets/internal"
              }
            ],
            "location": "eastus",
            "mac_address": "",
            "name": "staging-nic",
            "private_ip_address": "10.0.2.4",
            "private_ip_addresses": [
              "10.0.2.4"
            ],
            "resource_group_name": "staging-resources",
            "tags": null,
            "timeouts": null,
            "virtual_machine_id": ""
          },
          "private": "eyJlMmJmYjczMC1lY2FhLTExZTYtOGY4OC0zNDM2M2JjN2M0YzAiOnsiY3JlYXRlIjoxODAwMDAwMDAwMDAwLCJkZWxldGUiOjE4MDAwMDAwMDAwMDAsInJlYWQiOjMwMDAwMDAwMDAwMCwidXBkYXRlIjoxODAwMDAwMDAwMDAwfX0=",
          "dependencies": [
            "azurerm_public_ip.main",
            "azurerm_resource_group.main",
            "azurerm_subnet.internal",
            "azurerm_virtual_network.main"
          ]
        }
      ]
    },
    {
      "mode": "managed",
      "type": "azurerm_public_ip",
      "name": "main",
      "provider": "provider.azurerm",
      "instances": [
        {
          "schema_version": 0,
          "attributes": {
            "allocation_method": "Static",
            "domain_name_label": null,
            "fqdn": null,
            "id": "/subscriptions/7f34fecc-80ca-417b-9aae-80ddc33a2d4b/resourceGroups/staging-resources/providers/Microsoft.Network/publicIPAddresses/staging-publicIP",
            "idle_timeout_in_minutes": 4,
            "ip_address": "13.82.143.46",
            "ip_version": "IPv4",
            "location": "eastus",
            "name": "staging-publicIP",
            "public_ip_prefix_id": null,
            "resource_group_name": "staging-resources",
            "reverse_fqdn": null,
            "sku": "Basic",
            "tags": null,
            "timeouts": null,
            "zones": null
          },
          "private": "eyJlMmJmYjczMC1lY2FhLTExZTYtOGY4OC0zNDM2M2JjN2M0YzAiOnsiY3JlYXRlIjoxODAwMDAwMDAwMDAwLCJkZWxldGUiOjE4MDAwMDAwMDAwMDAsInJlYWQiOjMwMDAwMDAwMDAwMCwidXBkYXRlIjoxODAwMDAwMDAwMDAwfX0=",
          "dependencies": [
            "azurerm_resource_group.main"
          ]
        }
      ]
    },
    {
      "mode": "managed",
      "type": "azurerm_resource_group",
      "name": "main",
      "provider": "provider.azurerm",
      "instances": [
        {
          "schema_version": 0,
          "attributes": {
            "id": "/subscriptions/7f34fecc-80ca-417b-9aae-80ddc33a2d4b/resourceGroups/staging-resources",
            "location": "eastus",
            "name": "staging-resources",
            "tags": null,
            "timeouts": null
          },
          "private": "eyJlMmJmYjczMC1lY2FhLTExZTYtOGY4OC0zNDM2M2JjN2M0YzAiOnsiY3JlYXRlIjo1NDAwMDAwMDAwMDAwLCJkZWxldGUiOjU0MDAwMDAwMDAwMDAsInJlYWQiOjMwMDAwMDAwMDAwMCwidXBkYXRlIjo1NDAwMDAwMDAwMDAwfX0="
        }
      ]
    },
    {
      "mode": "managed",
      "type": "azurerm_subnet",
      "name": "internal",
      "provider": "provider.azurerm",
      "instances": [
        {
          "schema_version": 0,
          "attributes": {
            "address_prefix": "10.0.2.0/24",
            "delegation": [],
            "enforce_private_link_endpoint_network_policies": false,
            "enforce_private_link_service_network_policies": false,
            "id": "/subscriptions/7f34fecc-80ca-417b-9aae-80ddc33a2d4b/resourceGroups/staging-resources/providers/Microsoft.Network/virtualNetworks/staging-network/subnets/internal",
            "name": "internal",
            "resource_group_name": "staging-resources",
            "service_endpoints": null,
            "timeouts": null,
            "virtual_network_name": "staging-network"
          },
          "private": "eyJlMmJmYjczMC1lY2FhLTExZTYtOGY4OC0zNDM2M2JjN2M0YzAiOnsiY3JlYXRlIjoxODAwMDAwMDAwMDAwLCJkZWxldGUiOjE4MDAwMDAwMDAwMDAsInJlYWQiOjMwMDAwMDAwMDAwMCwidXBkYXRlIjoxODAwMDAwMDAwMDAwfX0=",
          "dependencies": [
            "azurerm_resource_group.main",
            "azurerm_virtual_network.main"
          ]
        }
      ]
    },
    {
      "mode": "managed",
      "type": "azurerm_virtual_machine",
      "name": "main",
      "provider": "provider.azurerm",
      "instances": [
        {
          "schema_version": 0,
          "attributes": {
            "additional_capabilities": [],
            "availability_set_id": null,
            "boot_diagnostics": [],
            "delete_data_disks_on_termination": false,
            "delete_os_disk_on_termination": false,
            "id": "/subscriptions/7f34fecc-80ca-417b-9aae-80ddc33a2d4b/resourceGroups/staging-resources/providers/Microsoft.Compute/virtualMachines/staging-vm",
            "identity": [],
            "license_type": null,
            "location": "eastus",
            "name": "staging-vm",
            "network_interface_ids": [
              "/subscriptions/7f34fecc-80ca-417b-9aae-80ddc33a2d4b/resourceGroups/staging-resources/providers/Microsoft.Network/networkInterfaces/staging-nic"
            ],
            "os_profile": [
              {
                "admin_password": "",
                "admin_username": "osman",
                "computer_name": "hostname",
                "custom_data": ""
              }
            ],
            "os_profile_linux_config": [
              {
                "disable_password_authentication": true,
                "ssh_keys": [
                  {
                    "key_data": "ssh-rsa AAAAB3NzaC1yc2EAAAADAQABAAABAQC1pN8t92fu3BorhwGGNcJ5eCMgCkAgybOp+ANfVmgzFamyEECsaeQWNuo5PAgte7Ulqd9erbo7ZcRz92HQLXLNqvOCXg7y11OXN90eYmK2zFhT4nQSXr1Q/ioIgNT/3baeXBX71VhD9hU9ntCU/IY0Qh8ZAYtmVDbJO4QVXmN67J2tPfxcw3hKK0gHAegTxTvr3gcZJ4JBoA2/w549yPESYCMsH9ipcwG+GVcs41bVcBesFXXYuxebRLju8KUmVX0o7PVvqKrmwJ1G2kdgttp4E7ao0EMLbfTpCQDuenywW/himD0jhChmJpQlvjU9fQ6wjjzrieQDxGA40LD7Mp57",
                    "path": "/home/osman/.ssh/authorized_keys"
                  }
                ]
              }
            ],
            "os_profile_secrets": [],
            "os_profile_windows_config": [],
            "plan": [],
            "primary_network_interface_id": null,
            "proximity_placement_group_id": null,
            "resource_group_name": "staging-resources",
            "storage_data_disk": [],
            "storage_image_reference": [
              {
                "id": "",
                "offer": "UbuntuServer",
                "publisher": "Canonical",
                "sku": "16.04-LTS",
                "version": "latest"
              }
            ],
            "storage_os_disk": [
              {
                "caching": "ReadWrite",
                "create_option": "FromImage",
                "disk_size_gb": 30,
                "image_uri": "",
                "managed_disk_id": "/subscriptions/7f34fecc-80ca-417b-9aae-80ddc33a2d4b/resourceGroups/STAGING-RESOURCES/providers/Microsoft.Compute/disks/myosdisk1",
                "managed_disk_type": "Standard_LRS",
                "name": "myosdisk1",
                "os_type": "Linux",
                "vhd_uri": "",
                "write_accelerator_enabled": false
              }
            ],
            "tags": null,
            "timeouts": null,
            "vm_size": "Standard_D2s_v3",
            "zones": null
          },
          "private": "eyJlMmJmYjczMC1lY2FhLTExZTYtOGY4OC0zNDM2M2JjN2M0YzAiOnsiY3JlYXRlIjozNjAwMDAwMDAwMDAwLCJkZWxldGUiOjM2MDAwMDAwMDAwMDAsInJlYWQiOjMwMDAwMDAwMDAwMCwidXBkYXRlIjozNjAwMDAwMDAwMDAwfX0=",
          "dependencies": [
            "azurerm_network_interface.main",
            "azurerm_public_ip.main",
            "azurerm_resource_group.main",
            "azurerm_subnet.internal",
            "azurerm_virtual_network.main"
          ]
        }
      ]
    },
    {
      "mode": "managed",
      "type": "azurerm_virtual_network",
      "name": "main",
      "provider": "provider.azurerm",
      "instances": [
        {
          "schema_version": 0,
          "attributes": {
            "address_space": [
              "10.0.0.0/16"
            ],
            "ddos_protection_plan": [],
            "dns_servers": null,
            "id": "/subscriptions/7f34fecc-80ca-417b-9aae-80ddc33a2d4b/resourceGroups/staging-resources/providers/Microsoft.Network/virtualNetworks/staging-network",
            "location": "eastus",
            "name": "staging-network",
            "resource_group_name": "staging-resources",
            "subnet": [],
            "tags": null,
            "timeouts": null
          },
          "private": "eyJlMmJmYjczMC1lY2FhLTExZTYtOGY4OC0zNDM2M2JjN2M0YzAiOnsiY3JlYXRlIjoxODAwMDAwMDAwMDAwLCJkZWxldGUiOjE4MDAwMDAwMDAwMDAsInJlYWQiOjMwMDAwMDAwMDAwMCwidXBkYXRlIjoxODAwMDAwMDAwMDAwfX0=",
          "dependencies": [
            "azurerm_resource_group.main"
          ]
        }
      ]
    }
  ]
}
